
Microsoft Visual Studio Solution File, Format Version 12.00
# Visual Studio Version 17
VisualStudioVersion = 17.0.31903.59
MinimumVisualStudioVersion = 10.0.40219.1
Project("{2150E333-8FDC-42A3-9474-1A3956D46DE8}") = "src", "src", "{827E0CD3-B72D-47B6-A68D-7590B98EB39B}"
EndProject
Project("{FAE04EC0-301F-11D3-BF4B-00C04F79EFBC}") = "FiscalPymeEC.Domain", "src\FiscalPymeEC.Domain\FiscalPymeEC.Domain.csproj", "{542EEFA9-C5E9-4AB8-82E8-5FE6386722C4}"
EndProject
Project("{FAE04EC0-301F-11D3-BF4B-00C04F79EFBC}") = "FiscalPymeEC.Application", "src\FiscalPymeEC.Application\FiscalPymeEC.Application.csproj", "{B6EB59F5-A265-4158-9FA9-3406B0345A15}"
EndProject
Project("{FAE04EC0-301F-11D3-BF4B-00C04F79EFBC}") = "FiscalPymeEC.Infrastructure", "src\FiscalPymeEC.Infrastructure\FiscalPymeEC.Infrastructure.csproj", "{1F0DCF18-9898-43AC-B413-0E8CC44FAD6B}"
EndProject
Project("{FAE04EC0-301F-11D3-BF4B-00C04F79EFBC}") = "FiscalPymeEC.Api", "src\FiscalPymeEC.Api\FiscalPymeEC.Api.csproj", "{90E96371-335E-4761-AA28-74E44BFAEE08}"
EndProject
Project("{2150E333-8FDC-42A3-9474-1A3956D46DE8}") = "tests", "tests", "{0AB3BF05-4346-4AA6-1389-037BE0695223}"
EndProject
Project("{FAE04EC0-301F-11D3-BF4B-00C04F79EFBC}") = "FiscalPymeEC.UnitTests", "tests\FiscalPymeEC.UnitTests\FiscalPymeEC.UnitTests.csproj", "{5B52A564-983D-47EA-A357-3B7346F9B52B}"
EndProject
Project("{FAE04EC0-301F-11D3-BF4B-00C04F79EFBC}") = "FiscalPymeEC.IntegrationTests", "tests\FiscalPymeEC.IntegrationTests\FiscalPymeEC.IntegrationTests.csproj", "{D93CD802-9237-45A3-94EE-0A423AFBFCED}"
EndProject
Global
	GlobalSection(SolutionConfigurationPlatforms) = preSolution
		Debug|Any CPU = Debug|Any CPU
		Debug|x64 = Debug|x64
		Debug|x86 = Debug|x86
		Release|Any CPU = Release|Any CPU
		Release|x64 = Release|x64
		Release|x86 = Release|x86
	EndGlobalSection
	GlobalSection(ProjectConfigurationPlatforms) = postSolution
		{542EEFA9-C5E9-4AB8-82E8-5FE6386722C4}.Debug|Any CPU.ActiveCfg = Debug|Any CPU
		{542EEFA9-C5E9-4AB8-82E8-5FE6386722C4}.Debug|Any CPU.Build.0 = Debug|Any CPU
		{542EEFA9-C5E9-4AB8-82E8-5FE6386722C4}.Debug|x64.ActiveCfg = Debug|Any CPU
		{542EEFA9-C5E9-4AB8-82E8-5FE6386722C4}.Debug|x64.Build.0 = Debug|Any CPU
		{542EEFA9-C5E9-4AB8-82E8-5FE6386722C4}.Debug|x86.ActiveCfg = Debug|Any CPU
		{542EEFA9-C5E9-4AB8-82E8-5FE6386722C4}.Debug|x86.Build.0 = Debug|Any CPU
		{542EEFA9-C5E9-4AB8-82E8-5FE6386722C4}.Release|Any CPU.ActiveCfg = Release|Any CPU
		{542EEFA9-C5E9-4AB8-82E8-5FE6386722C4}.Release|Any CPU.Build.0 = Release|Any CPU
		{542EEFA9-C5E9-4AB8-82E8-5FE6386722C4}.Release|x64.ActiveCfg = Release|Any CPU
		{542EEFA9-C5E9-4AB8-82E8-5FE6386722C4}.Release|x64.Build.0 = Release|Any CPU
		{542EEFA9-C5E9-4AB8-82E8-5FE6386722C4}.Release|x86.ActiveCfg = Release|Any CPU
		{542EEFA9-C5E9-4AB8-82E8-5FE6386722C4}.Release|x86.Build.0 = Release|Any CPU
		{B6EB59F5-A265-4158-9FA9-3406B0345A15}.Debug|Any CPU.ActiveCfg = Debug|Any CPU
		{B6EB59F5-A265-4158-9FA9-3406B0345A15}.Debug|Any CPU.Build.0 = Debug|Any CPU
		{B6EB59F5-A265-4158-9FA9-3406B0345A15}.Debug|x64.ActiveCfg = Debug|Any CPU
		{B6EB59F5-A265-4158-9FA9-3406B0345A15}.Debug|x64.Build.0 = Debug|Any CPU
		{B6EB59F5-A265-4158-9FA9-3406B0345A15}.Debug|x86.ActiveCfg = Debug|Any CPU
		{B6EB59F5-A265-4158-9FA9-3406B0345A15}.Debug|x86.Build.0 = Debug|Any CPU
		{B6EB59F5-A265-4158-9FA9-3406B0345A15}.Release|Any CPU.ActiveCfg = Release|Any CPU
		{B6EB59F5-A265-4158-9FA9-3406B0345A15}.Release|Any CPU.Build.0 = Release|Any CPU
		{B6EB59F5-A265-4158-9FA9-3406B0345A15}.Release|x64.ActiveCfg = Release|Any CPU
		{B6EB59F5-A265-4158-9FA9-3406B0345A15}.Release|x64.Build.0 = Release|Any CPU
		{B6EB59F5-A265-4158-9FA9-3406B0345A15}.Release|x86.ActiveCfg = Release|Any CPU
		{B6EB59F5-A265-4158-9FA9-3406B0345A15}.Release|x86.Build.0 = Release|Any CPU
		{1F0DCF18-9898-43AC-B413-0E8CC44FAD6B}.Debug|Any CPU.ActiveCfg = Debug|Any CPU
		{1F0DCF18-9898-43AC-B413-0E8CC44FAD6B}.Debug|Any CPU.Build.0 = Debug|Any CPU
		{1F0DCF18-9898-43AC-B413-0E8CC44FAD6B}.Debug|x64.ActiveCfg = Debug|Any CPU
		{1F0DCF18-9898-43AC-B413-0E8CC44FAD6B}.Debug|x64.Build.0 = Debug|Any CPU
		{1F0DCF18-9898-43AC-B413-0E8CC44FAD6B}.Debug|x86.ActiveCfg = Debug|Any CPU
		{1F0DCF18-9898-43AC-B413-0E8CC44FAD6B}.Debug|x86.Build.0 = Debug|Any CPU
		{1F0DCF18-9898-43AC-B413-0E8CC44FAD6B}.Release|Any CPU.ActiveCfg = Release|Any CPU
		{1F0DCF18-9898-43AC-B413-0E8CC44FAD6B}.Release|Any CPU.Build.0 = Release|Any CPU
		{1F0DCF18-9898-43AC-B413-0E8CC44FAD6B}.Release|x64.ActiveCfg = Release|Any CPU
		{1F0DCF18-9898-43AC-B413-0E8CC44FAD6B}.Release|x64.Build.0 = Release|Any CPU
		{1F0DCF18-9898-43AC-B413-0E8CC44FAD6B}.Release|x86.ActiveCfg = Release|Any CPU
		{1F0DCF18-9898-43AC-B413-0E8CC44FAD6B}.Release|x86.Build.0 = Release|Any CPU
		{90E96371-335E-4761-AA28-74E44BFAEE08}.Debug|Any CPU.ActiveCfg = Debug|Any CPU
		{90E96371-335E-4761-AA28-74E44BFAEE08}.Debug|Any CPU.Build.0 = Debug|Any CPU
		{90E96371-335E-4761-AA28-74E44BFAEE08}.Debug|x64.ActiveCfg = Debug|Any CPU
		{90E96371-335E-4761-AA28-74E44BFAEE08}.Debug|x64.Build.0 = Debug|Any CPU
		{90E96371-335E-4761-AA28-74E44BFAEE08}.Debug|x86.ActiveCfg = Debug|Any CPU
		{90E96371-335E-4761-AA28-74E44BFAEE08}.Debug|x86.Build.0 = Debug|Any CPU
		{90E96371-335E-4761-AA28-74E44BFAEE08}.Release|Any CPU.ActiveCfg = Release|Any CPU
		{90E96371-335E-4761-AA28-74E44BFAEE08}.Release|Any CPU.Build.0 = Release|Any CPU
		{90E96371-335E-4761-AA28-74E44BFAEE08}.Release|x64.ActiveCfg = Release|Any CPU
		{90E96371-335E-4761-AA28-74E44BFAEE08}.Release|x64.Build.0 = Release|Any CPU
		{90E96371-335E-4761-AA28-74E44BFAEE08}.Release|x86.ActiveCfg = Release|Any CPU
		{90E96371-335E-4761-AA28-74E44BFAEE08}.Release|x86.Build.0 = Release|Any CPU
		{5B52A564-983D-47EA-A357-3B7346F9B52B}.Debug|Any CPU.ActiveCfg = Debug|Any CPU
		{5B52A564-983D-47EA-A357-3B7346F9B52B}.Debug|Any CPU.Build.0 = Debug|Any CPU
		{5B52A564-983D-47EA-A357-3B7346F9B52B}.Debug|x64.ActiveCfg = Debug|Any CPU
		{5B52A564-983D-47EA-A357-3B7346F9B52B}.Debug|x64.Build.0 = Debug|Any CPU
		{5B52A564-983D-47EA-A357-3B7346F9B52B}.Debug|x86.ActiveCfg = Debug|Any CPU
		{5B52A564-983D-47EA-A357-3B7346F9B52B}.Debug|x86.Build.0 = Debug|Any CPU
		{5B52A564-983D-47EA-A357-3B7346F9B52B}.Release|Any CPU.ActiveCfg = Release|Any CPU
		{5B52A564-983D-47EA-A357-3B7346F9B52B}.Release|Any CPU.Build.0 = Release|Any CPU
		{5B52A564-983D-47EA-A357-3B7346F9B52B}.Release|x64.ActiveCfg = Release|Any CPU
		{5B52A564-983D-47EA-A357-3B7346F9B52B}.Release|x64.Build.0 = Release|Any CPU
		{5B52A564-983D-47EA-A357-3B7346F9B52B}.Release|x86.ActiveCfg = Release|Any CPU
		{5B52A564-983D-47EA-A357-3B7346F9B52B}.Release|x86.Build.0 = Release|Any CPU
		{D93CD802-9237-45A3-94EE-0A423AFBFCED}.Debug|Any CPU.ActiveCfg = Debug|Any CPU
		{D93CD802-9237-45A3-94EE-0A423AFBFCED}.Debug|Any CPU.Build.0 = Debug|Any CPU
		{D93CD802-9237-45A3-94EE-0A423AFBFCED}.Debug|x64.ActiveCfg = Debug|Any CPU
		{D93CD802-9237-45A3-94EE-0A423AFBFCED}.Debug|x64.Build.0 = Debug|Any CPU
		{D93CD802-9237-45A3-94EE-0A423AFBFCED}.Debug|x86.ActiveCfg = Debug|Any CPU
		{D93CD802-9237-45A3-94EE-0A423AFBFCED}.Debug|x86.Build.0 = Debug|Any CPU
		{D93CD802-9237-45A3-94EE-0A423AFBFCED}.Release|Any CPU.ActiveCfg = Release|Any CPU
		{D93CD802-9237-45A3-94EE-0A423AFBFCED}.Release|Any CPU.Build.0 = Release|Any CPU
		{D93CD802-9237-45A3-94EE-0A423AFBFCED}.Release|x64.ActiveCfg = Release|Any CPU
		{D93CD802-9237-45A3-94EE-0A423AFBFCED}.Release|x64.Build.0 = Release|Any CPU
		{D93CD802-9237-45A3-94EE-0A423AFBFCED}.Release|x86.ActiveCfg = Release|Any CPU
		{D93CD802-9237-45A3-94EE-0A423AFBFCED}.Release|x86.Build.0 = Release|Any CPU
	EndGlobalSection
	GlobalSection(SolutionProperties) = preSolution
		HideSolutionNode = FALSE
	EndGlobalSection
	GlobalSection(NestedProjects) = preSolution
		{542EEFA9-C5E9-4AB8-82E8-5FE6386722C4} = {827E0CD3-B72D-47B6-A68D-7590B98EB39B}
		{B6EB59F5-A265-4158-9FA9-3406B0345A15} = {827E0CD3-B72D-47B6-A68D-7590B98EB39B}
		{1F0DCF18-9898-43AC-B413-0E8CC44FAD6B} = {827E0CD3-B72D-47B6-A68D-7590B98EB39B}
		{90E96371-335E-4761-AA28-74E44BFAEE08} = {827E0CD3-B72D-47B6-A68D-7590B98EB39B}
		{5B52A564-983D-47EA-A357-3B7346F9B52B} = {0AB3BF05-4346-4AA6-1389-037BE0695223}
		{D93CD802-9237-45A3-94EE-0A423AFBFCED} = {0AB3BF05-4346-4AA6-1389-037BE0695223}
	EndGlobalSection
EndGlobal
